
Microsoft Visual Studio Solution File, Format Version 12.00
# Visual Studio Version 16
VisualStudioVersion = 16.0.28803.352
MinimumVisualStudioVersion = 10.0.40219.1
Project("{FAE04EC0-301F-11D3-BF4B-00C04F79EFBC}") = "LibraryOfMarko", "LibraryOfMarko\LibraryOfMarko.csproj", "{0E26338D-0A82-466C-B0D3-1B9A7ADBBAA2}"
EndProject
Global
	GlobalSection(SolutionConfigurationPlatforms) = preSolution
		Debug|Any CPU = Debug|Any CPU
		Release|Any CPU = Release|Any CPU
	EndGlobalSection
	GlobalSection(ProjectConfigurationPlatforms) = postSolution
		{0E26338D-0A82-466C-B0D3-1B9A7ADBBAA2}.Debug|Any CPU.ActiveCfg = Debug|Any CPU
		{0E26338D-0A82-466C-B0D3-1B9A7ADBBAA2}.Debug|Any CPU.Build.0 = Debug|Any CPU
		{0E26338D-0A82-466C-B0D3-1B9A7ADBBAA2}.Release|Any CPU.ActiveCfg = Release|Any CPU
		{0E26338D-0A82-466C-B0D3-1B9A7ADBBAA2}.Release|Any CPU.Build.0 = Release|Any CPU
	EndGlobalSection
	GlobalSection(SolutionProperties) = preSolution
		HideSolutionNode = FALSE
	EndGlobalSection
	GlobalSection(ExtensibilityGlobals) = postSolution
		SolutionGuid = {B35E6881-EDF8-414D-B322-E7B92A150E60}
	EndGlobalSection
EndGlobal
